
Microsoft Visual Studio Solution File, Format Version 12.00
# Visual Studio Version 17
VisualStudioVersion = 17.9.34728.123
MinimumVisualStudioVersion = 10.0.40219.1
Project("{FAE04EC0-301F-11D3-BF4B-00C04F79EFBC}") = "CampusRide", "CampusRide\CampusRide.csproj", "{1D7FBA39-C50A-45EE-BF5C-598D810DD02C}"
EndProject
Global
	GlobalSection(SolutionConfigurationPlatforms) = preSolution
		Debug|Any CPU = Debug|Any CPU
		Release|Any CPU = Release|Any CPU
	EndGlobalSection
	GlobalSection(ProjectConfigurationPlatforms) = postSolution
		{1D7FBA39-C50A-45EE-BF5C-598D810DD02C}.Debug|Any CPU.ActiveCfg = Debug|Any CPU
		{1D7FBA39-C50A-45EE-BF5C-598D810DD02C}.Debug|Any CPU.Build.0 = Debug|Any CPU
		{1D7FBA39-C50A-45EE-BF5C-598D810DD02C}.Release|Any CPU.ActiveCfg = Release|Any CPU
		{1D7FBA39-C50A-45EE-BF5C-598D810DD02C}.Release|Any CPU.Build.0 = Release|Any CPU
	EndGlobalSection
	GlobalSection(SolutionProperties) = preSolution
		HideSolutionNode = FALSE
	EndGlobalSection
	GlobalSection(ExtensibilityGlobals) = postSolution
		SolutionGuid = {5ED7D916-DDC3-4796-BAB0-4B3C4517C0C3}
	EndGlobalSection
EndGlobal
